{
  "object": {
    "pins": [
      {
        "package": "Cryptor",
        "repositoryURL": "https://github.com/IBM-Swift/BlueCryptor.git",
        "state": {
          "branch": null,
          "revision": "fae7286fbe20182a05d20e131f9861061a6aae77",
          "version": "1.0.2"
        }
      },
      {
        "package": "Clang_C",
        "repositoryURL": "https://github.com/norio-nomura/Clang_C.git",
        "state": {
          "branch": null,
          "revision": "7b7d3eed8080d14ba39c50e29fa8c7b051bcf969",
          "version": "1.0.3"
        }
      },
      {
        "package": "Commandant",
        "repositoryURL": "https://github.com/Carthage/Commandant.git",
        "state": {
          "branch": null,
          "revision": "7f29606ec3a2054a601f0e72f562a104dbc1a11a",
          "version": "0.13.0"
        }
      },
      {
        "package": "CommandLine",
        "repositoryURL": "https://github.com/yume190/CommandLine",
        "state": {
          "branch": null,
          "revision": "446bdacf951c5cd98c12543ee357fd7b7666f6df",
          "version": "4.0.0"
        }
      },
      {
        "package": "CommonCrypto",
        "repositoryURL": "https://github.com/IBM-Swift/CommonCrypto.git",
        "state": {
          "branch": null,
          "revision": "9156d238dbc4c15455b77b45e721b2bb0b995e31",
          "version": "1.0.0"
        }
      },
      {
        "package": "CryptoSwift",
        "repositoryURL": "https://github.com/krzyzanowskim/CryptoSwift.git",
        "state": {
          "branch": null,
          "revision": "526d5e91569b30857d8def9ea22ad7265b70d238",
          "version": "0.9.0"
        }
      },
      {
        "package": "CZeroMQ",
        "repositoryURL": "https://github.com/Zewo/CZeroMQ.git",
        "state": {
          "branch": null,
          "revision": "d7630758ece813c8a707f8630ba34607e0318590",
          "version": "1.0.3"
        }
      },
      {
        "package": "FileKit",
        "repositoryURL": "https://github.com/IBM-Swift/FileKit",
        "state": {
          "branch": null,
          "revision": "319016dbf4b3ce04589265c23c9cac0016fe8096",
          "version": "0.0.1"
        }
      },
      {
        "package": "Interstellar",
        "repositoryURL": "https://github.com/jensravens/interstellar.git",
        "state": {
          "branch": null,
          "revision": "f5f6287a902524d06d82edc3ac09aa739f43ef09",
          "version": "2.2.0"
        }
      },
      {
        "package": "Jay",
        "repositoryURL": "https://github.com/DanToml/Jay.git",
        "state": {
          "branch": null,
          "revision": "833125251b2d026bee6afa0aff2967a90eb63cd0",
          "version": "1.0.1"
        }
      },
      {
        "package": "JSONDecodeKit",
        "repositoryURL": "https://github.com/yume190/JSONDecodeKit",
        "state": {
          "branch": null,
          "revision": "36ef8643438b8f75e03039e955800cc98dc53c3e",
          "version": "4.0.3"
        }
      },
      {
        "package": "LoggerAPI",
        "repositoryURL": "https://github.com/IBM-Swift/LoggerAPI.git",
        "state": {
          "branch": null,
          "revision": "5041f2673aa75d6e973d9b6bd3956bc5068387c8",
          "version": "1.7.3"
        }
      },
      {
        "package": "Nimble",
        "repositoryURL": "https://github.com/Quick/Nimble.git",
        "state": {
          "branch": null,
          "revision": "21f4fed2052cea480f5f1d2044d45aa25fdfb988",
          "version": "7.1.1"
        }
      },
      {
        "package": "Quick",
        "repositoryURL": "https://github.com/Quick/Quick.git",
        "state": {
          "branch": null,
          "revision": "3e3023569c8d4c4a0d000f58db765df53041117f",
          "version": "1.3.0"
        }
      },
      {
        "package": "Result",
        "repositoryURL": "https://github.com/antitypical/Result.git",
        "state": {
          "branch": null,
          "revision": "7477584259bfce2560a19e06ad9f71db441fff11",
          "version": "3.2.4"
        }
      },
      {
        "package": "SourceKit",
        "repositoryURL": "https://github.com/norio-nomura/SourceKit.git",
        "state": {
          "branch": null,
          "revision": "18eaa67ca44443bbe39646916792b9f0c98dbaa1",
          "version": "1.0.1"
        }
      },
      {
        "package": "SourceKitten",
        "repositoryURL": "https://github.com/jpsim/SourceKitten",
        "state": {
          "branch": null,
          "revision": "7c09176766d4bbc5da377ad857953fb49510a6aa",
          "version": "0.21.0"
        }
      },
      {
        "package": "SwiftPM",
        "repositoryURL": "https://github.com/apple/swift-package-manager.git",
        "state": {
          "branch": null,
          "revision": "63a01220e93271dc3bf204b9e13dd1aeb2beefee",
          "version": "0.2.0"
        }
      },
      {
        "package": "SWXMLHash",
        "repositoryURL": "https://github.com/drmohundro/SWXMLHash.git",
        "state": {
          "branch": null,
          "revision": "2211b35c2e0e8b08493f86ba52b26e530cabb751",
          "version": "4.7.0"
        }
      },
      {
        "package": "Yams",
        "repositoryURL": "https://github.com/jpsim/Yams.git",
        "state": {
          "branch": null,
          "revision": "6652aa7b793d3c8a075db0614acb575fcaecf457",
          "version": "0.7.0"
        }
      },
      {
        "package": "ZeroMQ",
        "repositoryURL": "https://github.com/Zewo/ZeroMQ.git",
        "state": {
          "branch": null,
          "revision": "3df492a419e12020784151eb8593fa3cd7f16bfc",
          "version": "1.0.0"
        }
      }
    ]
  },
  "version": 1
}
